
Microsoft Visual Studio Solution File, Format Version 12.00
# Visual Studio 15
VisualStudioVersion = 15.0.26730.10
MinimumVisualStudioVersion = 10.0.40219.1
Project("{FAE04EC0-301F-11D3-BF4B-00C04F79EFBC}") = "MyBackup", "MyBackup\MyBackup.csproj", "{3512A09A-CAF9-4269-8A49-E8D676C6AD9F}"
EndProject
Global
	GlobalSection(SolutionConfigurationPlatforms) = preSolution
		Debug|Any CPU = Debug|Any CPU
		Release|Any CPU = Release|Any CPU
	EndGlobalSection
	GlobalSection(ProjectConfigurationPlatforms) = postSolution
		{3512A09A-CAF9-4269-8A49-E8D676C6AD9F}.Debug|Any CPU.ActiveCfg = Debug|Any CPU
		{3512A09A-CAF9-4269-8A49-E8D676C6AD9F}.Debug|Any CPU.Build.0 = Debug|Any CPU
		{3512A09A-CAF9-4269-8A49-E8D676C6AD9F}.Release|Any CPU.ActiveCfg = Release|Any CPU
		{3512A09A-CAF9-4269-8A49-E8D676C6AD9F}.Release|Any CPU.Build.0 = Release|Any CPU
	EndGlobalSection
	GlobalSection(SolutionProperties) = preSolution
		HideSolutionNode = FALSE
	EndGlobalSection
	GlobalSection(ExtensibilityGlobals) = postSolution
		SolutionGuid = {5AF69E3C-D871-40AD-9EE0-152131918E9F}
	EndGlobalSection
EndGlobal
